// !$*UTF8*$!
{
	archiveVersion = 1;
	classes = {
	};
	objectVersion = 48;
	objects = {

/* Begin PBXBuildFile section */
		83353674204FD8A50077FEF6 /* AppDelegate.swift in Sources */ = {isa = PBXBuildFile; fileRef = 83353673204FD8A50077FEF6 /* AppDelegate.swift */; };
		83353676204FD8A50077FEF6 /* ViewController.swift in Sources */ = {isa = PBXBuildFile; fileRef = 83353675204FD8A50077FEF6 /* ViewController.swift */; };
		83353679204FD8A50077FEF6 /* Main.storyboard in Resources */ = {isa = PBXBuildFile; fileRef = 83353677204FD8A50077FEF6 /* Main.storyboard */; };
		8335367B204FD8A50077FEF6 /* Assets.xcassets in Resources */ = {isa = PBXBuildFile; fileRef = 8335367A204FD8A50077FEF6 /* Assets.xcassets */; };
		8335367E204FD8A50077FEF6 /* LaunchScreen.storyboard in Resources */ = {isa = PBXBuildFile; fileRef = 8335367C204FD8A50077FEF6 /* LaunchScreen.storyboard */; };
		83353689204FD8A50077FEF6 /* ____Tests.swift in Sources */ = {isa = PBXBuildFile; fileRef = 83353688204FD8A50077FEF6 /* ____Tests.swift */; };
/* End PBXBuildFile section */

/* Begin PBXContainerItemProxy section */
		83353685204FD8A50077FEF6 /* PBXContainerItemProxy */ = {
			isa = PBXContainerItemProxy;
			containerPortal = 83353668204FD8A50077FEF6 /* Project object */;
			proxyType = 1;
			remoteGlobalIDString = 8335366F204FD8A50077FEF6;
			remoteInfo = "原型模式";
		};
/* End PBXContainerItemProxy section */

/* Begin PBXFileReference section */
		83353670204FD8A50077FEF6 /* 原型模式.app */ = {isa = PBXFileReference; explicitFileType = wrapper.application; includeInIndex = 0; path = "原型模式.app"; sourceTree = BUILT_PRODUCTS_DIR; };
		83353673204FD8A50077FEF6 /* AppDelegate.swift */ = {isa = PBXFileReference; lastKnownFileType = sourcecode.swift; path = AppDelegate.swift; sourceTree = "<group>"; };
		83353675204FD8A50077FEF6 /* ViewController.swift */ = {isa = PBXFileReference; lastKnownFileType = sourcecode.swift; path = ViewController.swift; sourceTree = "<group>"; };
		83353678204FD8A50077FEF6 /* Base */ = {isa = PBXFileReference; lastKnownFileType = file.storyboard; name = Base; path = Base.lproj/Main.storyboard; sourceTree = "<group>"; };
		8335367A204FD8A50077FEF6 /* Assets.xcassets */ = {isa = PBXFileReference; lastKnownFileType = folder.assetcatalog; path = Assets.xcassets; sourceTree = "<group>"; };
		8335367D204FD8A50077FEF6 /* Base */ = {isa = PBXFileReference; lastKnownFileType = file.storyboard; name = Base; path = Base.lproj/LaunchScreen.storyboard; sourceTree = "<group>"; };
		8335367F204FD8A50077FEF6 /* Info.plist */ = {isa = PBXFileReference; lastKnownFileType = text.plist.xml; path = Info.plist; sourceTree = "<group>"; };
		83353684204FD8A50077FEF6 /* 原型模式Tests.xctest */ = {isa = PBXFileReference; explicitFileType = wrapper.cfbundle; includeInIndex = 0; path = "原型模式Tests.xctest"; sourceTree = BUILT_PRODUCTS_DIR; };
		83353688204FD8A50077FEF6 /* ____Tests.swift */ = {isa = PBXFileReference; lastKnownFileType = sourcecode.swift; path = "____Tests.swift"; sourceTree = "<group>"; };
		8335368A204FD8A50077FEF6 /* Info.plist */ = {isa = PBXFileReference; lastKnownFileType = text.plist.xml; path = Info.plist; sourceTree = "<group>"; };
		8346206A2051175F00CD8136 /* ArrayCopy.playground */ = {isa = PBXFileReference; lastKnownFileType = file.playground; path = ArrayCopy.playground; sourceTree = SOURCE_ROOT; xcLanguageSpecificationIdentifier = xcode.lang.swift; };
		8346206B2051357C00CD8136 /* Initialization.playground */ = {isa = PBXFileReference; lastKnownFileType = file.playground; path = Initialization.playground; sourceTree = SOURCE_ROOT; xcLanguageSpecificationIdentifier = xcode.lang.swift; };
		8346206C205136D100CD8136 /* Hiding.playground */ = {isa = PBXFileReference; lastKnownFileType = file.playground; path = Hiding.playground; sourceTree = SOURCE_ROOT; xcLanguageSpecificationIdentifier = xcode.lang.swift; };
		8380D036204FDF6800EC87E7 /* ValueTypes.playground */ = {isa = PBXFileReference; lastKnownFileType = file.playground; path = ValueTypes.playground; sourceTree = SOURCE_ROOT; xcLanguageSpecificationIdentifier = xcode.lang.swift; };
		8380D037204FDFD200EC87E7 /* ReferenceTypes.playground */ = {isa = PBXFileReference; lastKnownFileType = file.playground; path = ReferenceTypes.playground; sourceTree = SOURCE_ROOT; xcLanguageSpecificationIdentifier = xcode.lang.swift; };
		83E31F3320523303004902D2 /* NSArray.playground */ = {isa = PBXFileReference; lastKnownFileType = file.playground; path = NSArray.playground; sourceTree = SOURCE_ROOT; xcLanguageSpecificationIdentifier = xcode.lang.swift; };
		83E31F3420526F37004902D2 /* NSCopyingAttribute.playground */ = {isa = PBXFileReference; lastKnownFileType = file.playground; path = NSCopyingAttribute.playground; sourceTree = SOURCE_ROOT; xcLanguageSpecificationIdentifier = xcode.lang.swift; };
/* End PBXFileReference section */

/* Begin PBXFrameworksBuildPhase section */
		8335366D204FD8A50077FEF6 /* Frameworks */ = {
			isa = PBXFrameworksBuildPhase;
			buildActionMask = 2147483647;
			files = (
			);
			runOnlyForDeploymentPostprocessing = 0;
		};
		83353681204FD8A50077FEF6 /* Frameworks */ = {
			isa = PBXFrameworksBuildPhase;
			buildActionMask = 2147483647;
			files = (
			);
			runOnlyForDeploymentPostprocessing = 0;
		};
/* End PBXFrameworksBuildPhase section */

/* Begin PBXGroup section */
		83353667204FD8A50077FEF6 = {
			isa = PBXGroup;
			children = (
				83353672204FD8A50077FEF6 /* 原型模式 */,
				83353687204FD8A50077FEF6 /* 原型模式Tests */,
				83353671204FD8A50077FEF6 /* Products */,
			);
			sourceTree = "<group>";
		};
		83353671204FD8A50077FEF6 /* Products */ = {
			isa = PBXGroup;
			children = (
				83353670204FD8A50077FEF6 /* 原型模式.app */,
				83353684204FD8A50077FEF6 /* 原型模式Tests.xctest */,
			);
			name = Products;
			sourceTree = "<group>";
		};
		83353672204FD8A50077FEF6 /* 原型模式 */ = {
			isa = PBXGroup;
			children = (
				83E31F3420526F37004902D2 /* NSCopyingAttribute.playground */,
				83E31F3320523303004902D2 /* NSArray.playground */,
				8346206C205136D100CD8136 /* Hiding.playground */,
				8346206B2051357C00CD8136 /* Initialization.playground */,
				8346206A2051175F00CD8136 /* ArrayCopy.playground */,
				8380D037204FDFD200EC87E7 /* ReferenceTypes.playground */,
				8380D036204FDF6800EC87E7 /* ValueTypes.playground */,
				83353673204FD8A50077FEF6 /* AppDelegate.swift */,
				83353675204FD8A50077FEF6 /* ViewController.swift */,
				83353677204FD8A50077FEF6 /* Main.storyboard */,
				8335367A204FD8A50077FEF6 /* Assets.xcassets */,
				8335367C204FD8A50077FEF6 /* LaunchScreen.storyboard */,
				8335367F204FD8A50077FEF6 /* Info.plist */,
			);
			path = "原型模式";
			sourceTree = "<group>";
		};
		83353687204FD8A50077FEF6 /* 原型模式Tests */ = {
			isa = PBXGroup;
			children = (
				83353688204FD8A50077FEF6 /* ____Tests.swift */,
				8335368A204FD8A50077FEF6 /* Info.plist */,
			);
			path = "原型模式Tests";
			sourceTree = "<group>";
		};
/* End PBXGroup section */

/* Begin PBXNativeTarget section */
		8335366F204FD8A50077FEF6 /* 原型模式 */ = {
			isa = PBXNativeTarget;
			buildConfigurationList = 8335368D204FD8A50077FEF6 /* Build configuration list for PBXNativeTarget "原型模式" */;
			buildPhases = (
				8335366C204FD8A50077FEF6 /* Sources */,
				8335366D204FD8A50077FEF6 /* Frameworks */,
				8335366E204FD8A50077FEF6 /* Resources */,
			);
			buildRules = (
			);
			dependencies = (
			);
			name = "原型模式";
			productName = "原型模式";
			productReference = 83353670204FD8A50077FEF6 /* 原型模式.app */;
			productType = "com.apple.product-type.application";
		};
		83353683204FD8A50077FEF6 /* 原型模式Tests */ = {
			isa = PBXNativeTarget;
			buildConfigurationList = 83353690204FD8A50077FEF6 /* Build configuration list for PBXNativeTarget "原型模式Tests" */;
			buildPhases = (
				83353680204FD8A50077FEF6 /* Sources */,
				83353681204FD8A50077FEF6 /* Frameworks */,
				83353682204FD8A50077FEF6 /* Resources */,
			);
			buildRules = (
			);
			dependencies = (
				83353686204FD8A50077FEF6 /* PBXTargetDependency */,
			);
			name = "原型模式Tests";
			productName = "原型模式Tests";
			productReference = 83353684204FD8A50077FEF6 /* 原型模式Tests.xctest */;
			productType = "com.apple.product-type.bundle.unit-test";
		};
/* End PBXNativeTarget section */

/* Begin PBXProject section */
		83353668204FD8A50077FEF6 /* Project object */ = {
			isa = PBXProject;
			attributes = {
				LastSwiftUpdateCheck = 0920;
				LastUpgradeCheck = 0920;
				ORGANIZATIONNAME = CM;
				TargetAttributes = {
					8335366F204FD8A50077FEF6 = {
						CreatedOnToolsVersion = 9.2;
						ProvisioningStyle = Automatic;
					};
					83353683204FD8A50077FEF6 = {
						CreatedOnToolsVersion = 9.2;
						ProvisioningStyle = Automatic;
						TestTargetID = 8335366F204FD8A50077FEF6;
					};
				};
			};
			buildConfigurationList = 8335366B204FD8A50077FEF6 /* Build configuration list for PBXProject "原型模式" */;
			compatibilityVersion = "Xcode 8.0";
			developmentRegion = en;
			hasScannedForEncodings = 0;
			knownRegions = (
				en,
				Base,
			);
			mainGroup = 83353667204FD8A50077FEF6;
			productRefGroup = 83353671204FD8A50077FEF6 /* Products */;
			projectDirPath = "";
			projectRoot = "";
			targets = (
				8335366F204FD8A50077FEF6 /* 原型模式 */,
				83353683204FD8A50077FEF6 /* 原型模式Tests */,
			);
		};
/* End PBXProject section */

/* Begin PBXResourcesBuildPhase section */
		8335366E204FD8A50077FEF6 /* Resources */ = {
			isa = PBXResourcesBuildPhase;
			buildActionMask = 2147483647;
			files = (
				8335367E204FD8A50077FEF6 /* LaunchScreen.storyboard in Resources */,
				8335367B204FD8A50077FEF6 /* Assets.xcassets in Resources */,
				83353679204FD8A50077FEF6 /* Main.storyboard in Resources */,
			);
			runOnlyForDeploymentPostprocessing = 0;
		};
		83353682204FD8A50077FEF6 /* Resources */ = {
			isa = PBXResourcesBuildPhase;
			buildActionMask = 2147483647;
			files = (
			);
			runOnlyForDeploymentPostprocessing = 0;
		};
/* End PBXResourcesBuildPhase section */

/* Begin PBXSourcesBuildPhase section */
		8335366C204FD8A50077FEF6 /* Sources */ = {
			isa = PBXSourcesBuildPhase;
			buildActionMask = 2147483647;
			files = (
				83353676204FD8A50077FEF6 /* ViewController.swift in Sources */,
				83353674204FD8A50077FEF6 /* AppDelegate.swift in Sources */,
			);
			runOnlyForDeploymentPostprocessing = 0;
		};
		83353680204FD8A50077FEF6 /* Sources */ = {
			isa = PBXSourcesBuildPhase;
			buildActionMask = 2147483647;
			files = (
				83353689204FD8A50077FEF6 /* ____Tests.swift in Sources */,
			);
			runOnlyForDeploymentPostprocessing = 0;
		};
/* End PBXSourcesBuildPhase section */

/* Begin PBXTargetDependency section */
		83353686204FD8A50077FEF6 /* PBXTargetDependency */ = {
			isa = PBXTargetDependency;
			target = 8335366F204FD8A50077FEF6 /* 原型模式 */;
			targetProxy = 83353685204FD8A50077FEF6 /* PBXContainerItemProxy */;
		};
/* End PBXTargetDependency section */

/* Begin PBXVariantGroup section */
		83353677204FD8A50077FEF6 /* Main.storyboard */ = {
			isa = PBXVariantGroup;
			children = (
				83353678204FD8A50077FEF6 /* Base */,
			);
			name = Main.storyboard;
			sourceTree = "<group>";
		};
		8335367C204FD8A50077FEF6 /* LaunchScreen.storyboard */ = {
			isa = PBXVariantGroup;
			children = (
				8335367D204FD8A50077FEF6 /* Base */,
			);
			name = LaunchScreen.storyboard;
			sourceTree = "<group>";
		};
/* End PBXVariantGroup section */

/* Begin XCBuildConfiguration section */
		8335368B204FD8A50077FEF6 /* Debug */ = {
			isa = XCBuildConfiguration;
			buildSettings = {
				ALWAYS_SEARCH_USER_PATHS = NO;
				CLANG_ANALYZER_NONNULL = YES;
				CLANG_ANALYZER_NUMBER_OBJECT_CONVERSION = YES_AGGRESSIVE;
				CLANG_CXX_LANGUAGE_STANDARD = "gnu++14";
				CLANG_CXX_LIBRARY = "libc++";
				CLANG_ENABLE_MODULES = YES;
				CLANG_ENABLE_OBJC_ARC = YES;
				CLANG_WARN_BLOCK_CAPTURE_AUTORELEASING = YES;
				CLANG_WARN_BOOL_CONVERSION = YES;
				CLANG_WARN_COMMA = YES;
				CLANG_WARN_CONSTANT_CONVERSION = YES;
				CLANG_WARN_DIRECT_OBJC_ISA_USAGE = YES_ERROR;
				CLANG_WARN_DOCUMENTATION_COMMENTS = YES;
				CLANG_WARN_EMPTY_BODY = YES;
				CLANG_WARN_ENUM_CONVERSION = YES;
				CLANG_WARN_INFINITE_RECURSION = YES;
				CLANG_WARN_INT_CONVERSION = YES;
				CLANG_WARN_NON_LITERAL_NULL_CONVERSION = YES;
				CLANG_WARN_OBJC_LITERAL_CONVERSION = YES;
				CLANG_WARN_OBJC_ROOT_CLASS = YES_ERROR;
				CLANG_WARN_RANGE_LOOP_ANALYSIS = YES;
				CLANG_WARN_STRICT_PROTOTYPES = YES;
				CLANG_WARN_SUSPICIOUS_MOVE = YES;
				CLANG_WARN_UNGUARDED_AVAILABILITY = YES_AGGRESSIVE;
				CLANG_WARN_UNREACHABLE_CODE = YES;
				CLANG_WARN__DUPLICATE_METHOD_MATCH = YES;
				CODE_SIGN_IDENTITY = "iPhone Developer";
				COPY_PHASE_STRIP = NO;
				DEBUG_INFORMATION_FORMAT = dwarf;
				ENABLE_STRICT_OBJC_MSGSEND = YES;
				ENABLE_TESTABILITY = YES;
				GCC_C_LANGUAGE_STANDARD = gnu11;
				GCC_DYNAMIC_NO_PIC = NO;
				GCC_NO_COMMON_BLOCKS = YES;
				GCC_OPTIMIZATION_LEVEL = 0;
				GCC_PREPROCESSOR_DEFINITIONS = (
					"DEBUG=1",
					"$(inherited)",
				);
				GCC_WARN_64_TO_32_BIT_CONVERSION = YES;
				GCC_WARN_ABOUT_RETURN_TYPE = YES_ERROR;
				GCC_WARN_UNDECLARED_SELECTOR = YES;
				GCC_WARN_UNINITIALIZED_AUTOS = YES_AGGRESSIVE;
				GCC_WARN_UNUSED_FUNCTION = YES;
				GCC_WARN_UNUSED_VARIABLE = YES;
				IPHONEOS_DEPLOYMENT_TARGET = 11.2;
				MTL_ENABLE_DEBUG_INFO = YES;
				ONLY_ACTIVE_ARCH = YES;
				SDKROOT = iphoneos;
				SWIFT_ACTIVE_COMPILATION_CONDITIONS = DEBUG;
				SWIFT_OPTIMIZATION_LEVEL = "-Onone";
			};
			name = Debug;
		};
		8335368C204FD8A50077FEF6 /* Release */ = {
			isa = XCBuildConfiguration;
			buildSettings = {
				ALWAYS_SEARCH_USER_PATHS = NO;
				CLANG_ANALYZER_NONNULL = YES;
				CLANG_ANALYZER_NUMBER_OBJECT_CONVERSION = YES_AGGRESSIVE;
				CLANG_CXX_LANGUAGE_STANDARD = "gnu++14";
				CLANG_CXX_LIBRARY = "libc++";
				CLANG_ENABLE_MODULES = YES;
				CLANG_ENABLE_OBJC_ARC = YES;
				CLANG_WARN_BLOCK_CAPTURE_AUTORELEASING = YES;
				CLANG_WARN_BOOL_CONVERSION = YES;
				CLANG_WARN_COMMA = YES;
				CLANG_WARN_CONSTANT_CONVERSION = YES;
				CLANG_WARN_DIRECT_OBJC_ISA_USAGE = YES_ERROR;
				CLANG_WARN_DOCUMENTATION_COMMENTS = YES;
				CLANG_WARN_EMPTY_BODY = YES;
				CLANG_WARN_ENUM_CONVERSION = YES;
				CLANG_WARN_INFINITE_RECURSION = YES;
				CLANG_WARN_INT_CONVERSION = YES;
				CLANG_WARN_NON_LITERAL_NULL_CONVERSION = YES;
				CLANG_WARN_OBJC_LITERAL_CONVERSION = YES;
				CLANG_WARN_OBJC_ROOT_CLASS = YES_ERROR;
				CLANG_WARN_RANGE_LOOP_ANALYSIS = YES;
				CLANG_WARN_STRICT_PROTOTYPES = YES;
				CLANG_WARN_SUSPICIOUS_MOVE = YES;
				CLANG_WARN_UNGUARDED_AVAILABILITY = YES_AGGRESSIVE;
				CLANG_WARN_UNREACHABLE_CODE = YES;
				CLANG_WARN__DUPLICATE_METHOD_MATCH = YES;
				CODE_SIGN_IDENTITY = "iPhone Developer";
				COPY_PHASE_STRIP = NO;
				DEBUG_INFORMATION_FORMAT = "dwarf-with-dsym";
				ENABLE_NS_ASSERTIONS = NO;
				ENABLE_STRICT_OBJC_MSGSEND = YES;
				GCC_C_LANGUAGE_STANDARD = gnu11;
				GCC_NO_COMMON_BLOCKS = YES;
				GCC_WARN_64_TO_32_BIT_CONVERSION = YES;
				GCC_WARN_ABOUT_RETURN_TYPE = YES_ERROR;
				GCC_WARN_UNDECLARED_SELECTOR = YES;
				GCC_WARN_UNINITIALIZED_AUTOS = YES_AGGRESSIVE;
				GCC_WARN_UNUSED_FUNCTION = YES;
				GCC_WARN_UNUSED_VARIABLE = YES;
				IPHONEOS_DEPLOYMENT_TARGET = 11.2;
				MTL_ENABLE_DEBUG_INFO = NO;
				SDKROOT = iphoneos;
				SWIFT_OPTIMIZATION_LEVEL = "-Owholemodule";
				VALIDATE_PRODUCT = YES;
			};
			name = Release;
		};
		8335368E204FD8A50077FEF6 /* Debug */ = {
			isa = XCBuildConfiguration;
			buildSettings = {
				ASSETCATALOG_COMPILER_APPICON_NAME = AppIcon;
				CODE_SIGN_STYLE = Automatic;
				DEVELOPMENT_TEAM = TZAFH346DY;
				INFOPLIST_FILE = "原型模式/Info.plist";
				LD_RUNPATH_SEARCH_PATHS = "$(inherited) @executable_path/Frameworks";
				PRODUCT_BUNDLE_IDENTIFIER = cm.methodTwo;
				PRODUCT_NAME = "$(TARGET_NAME)";
				SWIFT_VERSION = 4.0;
				TARGETED_DEVICE_FAMILY = "1,2";
			};
			name = Debug;
		};
		8335368F204FD8A50077FEF6 /* Release */ = {
			isa = XCBuildConfiguration;
			buildSettings = {
				ASSETCATALOG_COMPILER_APPICON_NAME = AppIcon;
				CODE_SIGN_STYLE = Automatic;
				DEVELOPMENT_TEAM = TZAFH346DY;
				INFOPLIST_FILE = "原型模式/Info.plist";
				LD_RUNPATH_SEARCH_PATHS = "$(inherited) @executable_path/Frameworks";
				PRODUCT_BUNDLE_IDENTIFIER = cm.methodTwo;
				PRODUCT_NAME = "$(TARGET_NAME)";
				SWIFT_VERSION = 4.0;
				TARGETED_DEVICE_FAMILY = "1,2";
			};
			name = Release;
		};
		83353691204FD8A50077FEF6 /* Debug */ = {
			isa = XCBuildConfiguration;
			buildSettings = {
				ALWAYS_EMBED_SWIFT_STANDARD_LIBRARIES = YES;
				BUNDLE_LOADER = "$(TEST_HOST)";
				CODE_SIGN_STYLE = Automatic;
				INFOPLIST_FILE = "原型模式Tests/Info.plist";
				LD_RUNPATH_SEARCH_PATHS = "$(inherited) @executable_path/Frameworks @loader_path/Frameworks";
				PRODUCT_BUNDLE_IDENTIFIER = "cm.----Tests";
				PRODUCT_NAME = "$(TARGET_NAME)";
				SWIFT_VERSION = 4.0;
				TARGETED_DEVICE_FAMILY = "1,2";
				TEST_HOST = "$(BUILT_PRODUCTS_DIR)/原型模式.app/原型模式";
			};
			name = Debug;
		};
		83353692204FD8A50077FEF6 /* Release */ = {
			isa = XCBuildConfiguration;
			buildSettings = {
				ALWAYS_EMBED_SWIFT_STANDARD_LIBRARIES = YES;
				BUNDLE_LOADER = "$(TEST_HOST)";
				CODE_SIGN_STYLE = Automatic;
				INFOPLIST_FILE = "原型模式Tests/Info.plist";
				LD_RUNPATH_SEARCH_PATHS = "$(inherited) @executable_path/Frameworks @loader_path/Frameworks";
				PRODUCT_BUNDLE_IDENTIFIER = "cm.----Tests";
				PRODUCT_NAME = "$(TARGET_NAME)";
				SWIFT_VERSION = 4.0;
				TARGETED_DEVICE_FAMILY = "1,2";
				TEST_HOST = "$(BUILT_PRODUCTS_DIR)/原型模式.app/原型模式";
			};
			name = Release;
		};
/* End XCBuildConfiguration section */

/* Begin XCConfigurationList section */
		8335366B204FD8A50077FEF6 /* Build configuration list for PBXProject "原型模式" */ = {
			isa = XCConfigurationList;
			buildConfigurations = (
				8335368B204FD8A50077FEF6 /* Debug */,
				8335368C204FD8A50077FEF6 /* Release */,
			);
			defaultConfigurationIsVisible = 0;
			defaultConfigurationName = Release;
		};
		8335368D204FD8A50077FEF6 /* Build configuration list for PBXNativeTarget "原型模式" */ = {
			isa = XCConfigurationList;
			buildConfigurations = (
				8335368E204FD8A50077FEF6 /* Debug */,
				8335368F204FD8A50077FEF6 /* Release */,
			);
			defaultConfigurationIsVisible = 0;
			defaultConfigurationName = Release;
		};
		83353690204FD8A50077FEF6 /* Build configuration list for PBXNativeTarget "原型模式Tests" */ = {
			isa = XCConfigurationList;
			buildConfigurations = (
				83353691204FD8A50077FEF6 /* Debug */,
				83353692204FD8A50077FEF6 /* Release */,
			);
			defaultConfigurationIsVisible = 0;
			defaultConfigurationName = Release;
		};
/* End XCConfigurationList section */
	};
	rootObject = 83353668204FD8A50077FEF6 /* Project object */;
}
